
Microsoft Visual Studio Solution File, Format Version 12.00
# Visual Studio Version 16
VisualStudioVersion = 16.0.29123.88
MinimumVisualStudioVersion = 10.0.40219.1
Project("{FAE04EC0-301F-11D3-BF4B-00C04F79EFBC}") = "LabMdiForm", "LabSharpTools\LabMdiForm\LabMdiForm.csproj", "{A5C10F9B-7B36-4478-A5B8-71C55EF90AA9}"
EndProject
Project("{FAE04EC0-301F-11D3-BF4B-00C04F79EFBC}") = "LabCommPort", "LabSharpTools\LabCommPort\LabCommPort.csproj", "{3FBD5434-D5CB-4E6F-95D3-3905E5DE178A}"
EndProject
Project("{2150E333-8FDC-42A3-9474-1A3956D46DE8}") = "Doc", "Doc", "{11F54A7E-2BA4-4531-9DA4-12A86541F8D7}"
	ProjectSection(SolutionItems) = preProject
		Doc\Note.txt = Doc\Note.txt
		Doc\规范说明.txt = Doc\规范说明.txt
	EndProjectSection
EndProject
Project("{FAE04EC0-301F-11D3-BF4B-00C04F79EFBC}") = "LabGenFunc", "LabSharpTools\LabGenFunc\LabGenFunc.csproj", "{C64AEEA0-7A08-4786-9F1E-BD66608E190E}"
EndProject
Project("{FAE04EC0-301F-11D3-BF4B-00C04F79EFBC}") = "LabTestForm", "LabSharpTools\LabTestForm\LabTestForm.csproj", "{C0A538EA-8A7F-4EA9-8C87-DC52ED6288BE}"
EndProject
Project("{FAE04EC0-301F-11D3-BF4B-00C04F79EFBC}") = "LabControlPlus", "LabSharpTools\LabControlPlus\LabControlPlus.csproj", "{E54A51A6-A054-4F21-AC22-A827B5EF4D36}"
EndProject
Project("{FAE04EC0-301F-11D3-BF4B-00C04F79EFBC}") = "LabWinAPI", "LabSharpTools\LabWinAPI\LabWinAPI.csproj", "{B928595D-A068-47D0-9D31-89D592258D32}"
EndProject
Project("{FAE04EC0-301F-11D3-BF4B-00C04F79EFBC}") = "LabGenControl", "LabSharpTools\LabGenControl\LabGenControl.csproj", "{79E7D600-EBDD-4ECB-9D23-DCD37B10F9EB}"
EndProject
Project("{FAE04EC0-301F-11D3-BF4B-00C04F79EFBC}") = "LabFuncControl", "LabSharpTools\LabFuncControl\LabFuncControl.csproj", "{2BDCF93A-3A16-4AC3-A3F6-6E45601F13E5}"
EndProject
Project("{FAE04EC0-301F-11D3-BF4B-00C04F79EFBC}") = "LabGenForm", "LabSharpTools\LabGenForm\LabGenForm.csproj", "{FBA5494A-61A4-45B7-92FF-AA4F5F06BB49}"
EndProject
Project("{FAE04EC0-301F-11D3-BF4B-00C04F79EFBC}") = "LabFuncForm", "LabSharpTools\LabFuncForm\LabFuncForm.csproj", "{610B4C23-6066-4E77-A49B-F1E97072AC5A}"
EndProject
Project("{FAE04EC0-301F-11D3-BF4B-00C04F79EFBC}") = "LabToVisualStudio", "LabSharpTools\LabToVisualStudio\LabToVisualStudio.csproj", "{80362684-4FF9-4A5D-815E-DE9AA8C7BF57}"
EndProject
Project("{2150E333-8FDC-42A3-9474-1A3956D46DE8}") = "SeeSharpTools", "SeeSharpTools", "{CBFF4859-2D1A-44B3-8C8B-8622D757751F}"
EndProject
Project("{FAE04EC0-301F-11D3-BF4B-00C04F79EFBC}") = "JY.ArrayUtility", "SeeSharpTools\JY.ArrayUtility\JY.ArrayUtility.csproj", "{ACE70850-CF35-46FE-964F-67DE1CBCD7A7}"
EndProject
Project("{FAE04EC0-301F-11D3-BF4B-00C04F79EFBC}") = "JY.Audio", "SeeSharpTools\JY.Audio\JY.Audio.csproj", "{F0842CA7-9BF0-426F-96FA-387D718491CA}"
EndProject
Project("{FAE04EC0-301F-11D3-BF4B-00C04F79EFBC}") = "JY.Database", "SeeSharpTools\JY.Database\JY.Database.csproj", "{D5E2A756-0C0B-4A1C-AEB0-6EF2C0290354}"
EndProject
Project("{FAE04EC0-301F-11D3-BF4B-00C04F79EFBC}") = "JY.DSP.FilteringMCR", "SeeSharpTools\JY.DSP.FilteringMCR\JY.DSP.FilteringMCR.csproj", "{488BE77D-C011-4A2A-9AA2-44C7597870BE}"
EndProject
Project("{FAE04EC0-301F-11D3-BF4B-00C04F79EFBC}") = "JY.DSP.Fundamental", "SeeSharpTools\JY.DSP.Fundamental\JY.DSP.Fundamental.csproj", "{DF51E595-D154-4838-BA34-44820E6B0A7D}"
EndProject
Project("{FAE04EC0-301F-11D3-BF4B-00C04F79EFBC}") = "JY.DSP.SoundVibration", "SeeSharpTools\JY.DSP.SoundVibration\JY.DSP.SoundVibration.csproj", "{B9D53FD4-E9C2-4099-B101-5EA0864FCE21}"
EndProject
Project("{FAE04EC0-301F-11D3-BF4B-00C04F79EFBC}") = "JY.DSP.Utility", "SeeSharpTools\JY.DSP.Utility\JY.DSP.Utility.csproj", "{3138963B-2590-463F-9D64-1ACB6ACB6186}"
EndProject
Project("{FAE04EC0-301F-11D3-BF4B-00C04F79EFBC}") = "JY.DSP.Utility.Fundamental", "SeeSharpTools\JY.DSP.Utility.Fundamental\JY.DSP.Utility.Fundamental.csproj", "{2B1CC08D-EE8B-46AC-8DD3-BDBE7F508EEA}"
EndProject
Project("{FAE04EC0-301F-11D3-BF4B-00C04F79EFBC}") = "JY.File", "SeeSharpTools\JY.File\JY.File.csproj", "{E9A78956-52E1-4A71-94FF-FEFA7B2155A5}"
EndProject
Project("{FAE04EC0-301F-11D3-BF4B-00C04F79EFBC}") = "JY.Graph3D", "SeeSharpTools\JY.Graph3D\JY.Graph3D.csproj", "{FF7EB99A-AE19-4886-9776-860A9E45FBB5}"
EndProject
Project("{FAE04EC0-301F-11D3-BF4B-00C04F79EFBC}") = "JY.GUI", "SeeSharpTools\JY.GUI\JY.GUI.csproj", "{32E3B3E9-24A7-43A7-80CF-AFCE6A2F7FC1}"
EndProject
Project("{FAE04EC0-301F-11D3-BF4B-00C04F79EFBC}") = "JY.Localization", "SeeSharpTools\JY.Localization\JY.Localization.csproj", "{20012951-09DA-4822-AE7F-8D97159195CA}"
EndProject
Project("{FAE04EC0-301F-11D3-BF4B-00C04F79EFBC}") = "JY.Mathematics", "SeeSharpTools\JY.Mathematics\JY.Mathematics.csproj", "{872E01FA-95CD-41C8-9B9C-C09FE142F324}"
EndProject
Project("{FAE04EC0-301F-11D3-BF4B-00C04F79EFBC}") = "JY.ThreadSafeQueue", "SeeSharpTools\JY.Queue\JY.ThreadSafeQueue.csproj", "{ED1DEA61-0842-4C92-9133-50AEAE9A5F92}"
EndProject
Project("{FAE04EC0-301F-11D3-BF4B-00C04F79EFBC}") = "JY.Report", "SeeSharpTools\JY.Report\JY.Report.csproj", "{7E875F92-BDFE-4CFA-BABF-8C82DBC51EC7}"
EndProject
Project("{FAE04EC0-301F-11D3-BF4B-00C04F79EFBC}") = "JY.Sensors", "SeeSharpTools\JY.Sensors\JY.Sensors.csproj", "{637B6404-B806-476D-9B54-846C0B08380B}"
EndProject
Project("{FAE04EC0-301F-11D3-BF4B-00C04F79EFBC}") = "JY.Statistics", "SeeSharpTools\JY.Statistics\JY.Statistics.csproj", "{9796DF64-0180-4251-B65B-39D4EB542421}"
EndProject
Project("{FAE04EC0-301F-11D3-BF4B-00C04F79EFBC}") = "JY.TCP", "SeeSharpTools\JY.TCP\JY.TCP.csproj", "{E57315EB-7DAA-42B2-A541-9573D97B36F9}"
EndProject
Project("{2150E333-8FDC-42A3-9474-1A3956D46DE8}") = "ZedGraph", "ZedGraph", "{42C1ADB3-6FF5-4F84-8064-FC643F2736C8}"
EndProject
Project("{FAE04EC0-301F-11D3-BF4B-00C04F79EFBC}") = "ZedGraph", "ZedGraph\ZedGraph.csproj", "{B99650EE-AF46-47B4-A4A9-212ADE7809B7}"
EndProject
Project("{FAE04EC0-301F-11D3-BF4B-00C04F79EFBC}") = "LabHexEdit", "LabSharpTools\LabHexEdit\LabHexEdit.csproj", "{72D5A1AE-5BD4-4DC1-AF94-D760DB573C10}"
EndProject
Project("{FAE04EC0-301F-11D3-BF4B-00C04F79EFBC}") = "LabMcuFunc", "LabSharpTools\LabMcuFunc\LabMcuFunc.csproj", "{22AE2121-9EBB-4772-9C2B-10BB545B4D2F}"
EndProject
Project("{FAE04EC0-301F-11D3-BF4B-00C04F79EFBC}") = "LabMcuForm", "LabSharpTools\LabMcuForm\LabMcuForm.csproj", "{D43876D1-CAC9-4D5D-8041-2B5C67643128}"
EndProject
Project("{2150E333-8FDC-42A3-9474-1A3956D46DE8}") = "HZH_Controls", "HZH_Controls", "{970D16E5-FBC6-4753-8A07-85C42E6FBA7E}"
EndProject
Project("{2150E333-8FDC-42A3-9474-1A3956D46DE8}") = "LabSharpTools", "LabSharpTools", "{2E33275D-CB89-4750-8C7E-A4DBF1DC25BF}"
EndProject
Project("{FAE04EC0-301F-11D3-BF4B-00C04F79EFBC}") = "HZH_Controls", "HZH_Controls\HZH_Controls\HZH_Controls.csproj", "{AF32E163-C577-4CBC-A072-0DC1CE0E1DA3}"
EndProject
Project("{FAE04EC0-301F-11D3-BF4B-00C04F79EFBC}") = "Test", "HZH_Controls\Test\Test.csproj", "{53CCD007-AA85-4CCF-AE81-BBB8B1CBEB1F}"
EndProject
Project("{2150E333-8FDC-42A3-9474-1A3956D46DE8}") = "NPlot", "NPlot", "{24432EC0-031A-478A-9F4E-89085E57663F}"
EndProject
Project("{FAE04EC0-301F-11D3-BF4B-00C04F79EFBC}") = "NPlot", "NPlot\NPlot.csproj", "{E4B99177-77A3-4C92-B881-A6CB57E3BF89}"
EndProject
Project("{2150E333-8FDC-42A3-9474-1A3956D46DE8}") = "PremakeCore", "PremakeCore", "{9F7D95F6-3FEE-4BCE-B0DF-198821B8BC24}"
EndProject
Project("{8BC9CEB8-8B4A-11D0-8D11-00A0C91BC942}") = "Premake5", "PremakeCore\Premake5.vcxproj", "{DF59398B-CB26-9496-F43F-823EE06BC924}"
EndProject
Project("{8BC9CEB8-8B4A-11D0-8D11-00A0C91BC942}") = "example", "PremakeCore\binmodules\example\example.vcxproj", "{F1997D81-5D79-FC1C-6691-87F3D2EF627E}"
EndProject
Project("{8BC9CEB8-8B4A-11D0-8D11-00A0C91BC942}") = "luasocket", "PremakeCore\binmodules\luasocket\luasocket.vcxproj", "{7085D54F-DCEF-89C6-252E-3B6C91D7671B}"
EndProject
Project("{2150E333-8FDC-42A3-9474-1A3956D46DE8}") = "Binary Modules", "Binary Modules", "{CB69DC4F-8119-4051-BED9-E7CC447BAD38}"
EndProject
Project("{2150E333-8FDC-42A3-9474-1A3956D46DE8}") = "contrib", "contrib", "{E41C22F2-E52A-4014-9E42-0A3ED0CBFC1E}"
EndProject
Project("{8BC9CEB8-8B4A-11D0-8D11-00A0C91BC942}") = "curl-lib", "PremakeCore\contrib\curl\curl-lib.vcxproj", "{BF552F19-AB22-8A24-D43B-78CCC067BFB2}"
EndProject
Project("{8BC9CEB8-8B4A-11D0-8D11-00A0C91BC942}") = "zip-lib", "PremakeCore\contrib\libzip\zip-lib.vcxproj", "{3C7AF3AF-A859-724B-B171-FD211DD0D8AC}"
EndProject
Project("{8BC9CEB8-8B4A-11D0-8D11-00A0C91BC942}") = "lua-lib", "PremakeCore\contrib\lua\lua-lib.vcxproj", "{AB9F3295-177F-B130-2097-3C078CF51792}"
EndProject
Project("{8BC9CEB8-8B4A-11D0-8D11-00A0C91BC942}") = "luashim-lib", "PremakeCore\contrib\luashim\luashim-lib.vcxproj", "{9C53798E-0809-F283-91FD-EB5AFDB1E887}"
EndProject
Project("{8BC9CEB8-8B4A-11D0-8D11-00A0C91BC942}") = "mbedtls-lib", "PremakeCore\contrib\mbedtls\mbedtls-lib.vcxproj", "{34744A64-A029-C359-291E-BD3095D2B95D}"
EndProject
Project("{8BC9CEB8-8B4A-11D0-8D11-00A0C91BC942}") = "zlib-lib", "PremakeCore\contrib\zlib\zlib-lib.vcxproj", "{7AF09988-66BD-F493-8FD6-E23B7B022A22}"
EndProject
Project("{FAE04EC0-301F-11D3-BF4B-00C04F79EFBC}") = "LabIniFile", "LabSharpTools\LabIniFile\LabIniFile.csproj", "{FCB39572-BBB0-4FD3-BD78-8B60E43BDF10}"
EndProject
Project("{FAE04EC0-301F-11D3-BF4B-00C04F79EFBC}") = "LabSerialPortTools", "LabSharpTools\LabSerialPortTools\LabSerialPortTools.csproj", "{87D501A2-ECFE-47CD-ADFF-3E485A3B19E7}"
EndProject
Global
	GlobalSection(SolutionConfigurationPlatforms) = preSolution
		Debug|Any CPU = Debug|Any CPU
		Debug|x64 = Debug|x64
		Debug|x86 = Debug|x86
		Release|Any CPU = Release|Any CPU
		Release|x64 = Release|x64
		Release|x86 = Release|x86
	EndGlobalSection
	GlobalSection(ProjectConfigurationPlatforms) = postSolution
		{A5C10F9B-7B36-4478-A5B8-71C55EF90AA9}.Debug|Any CPU.ActiveCfg = Debug|Any CPU
		{A5C10F9B-7B36-4478-A5B8-71C55EF90AA9}.Debug|Any CPU.Build.0 = Debug|Any CPU
		{A5C10F9B-7B36-4478-A5B8-71C55EF90AA9}.Debug|x64.ActiveCfg = Debug|Any CPU
		{A5C10F9B-7B36-4478-A5B8-71C55EF90AA9}.Debug|x64.Build.0 = Debug|Any CPU
		{A5C10F9B-7B36-4478-A5B8-71C55EF90AA9}.Debug|x86.ActiveCfg = Debug|Any CPU
		{A5C10F9B-7B36-4478-A5B8-71C55EF90AA9}.Debug|x86.Build.0 = Debug|Any CPU
		{A5C10F9B-7B36-4478-A5B8-71C55EF90AA9}.Release|Any CPU.ActiveCfg = Release|Any CPU
		{A5C10F9B-7B36-4478-A5B8-71C55EF90AA9}.Release|Any CPU.Build.0 = Release|Any CPU
		{A5C10F9B-7B36-4478-A5B8-71C55EF90AA9}.Release|x64.ActiveCfg = Release|Any CPU
		{A5C10F9B-7B36-4478-A5B8-71C55EF90AA9}.Release|x64.Build.0 = Release|Any CPU
		{A5C10F9B-7B36-4478-A5B8-71C55EF90AA9}.Release|x86.ActiveCfg = Release|Any CPU
		{A5C10F9B-7B36-4478-A5B8-71C55EF90AA9}.Release|x86.Build.0 = Release|Any CPU
		{3FBD5434-D5CB-4E6F-95D3-3905E5DE178A}.Debug|Any CPU.ActiveCfg = Debug|Any CPU
		{3FBD5434-D5CB-4E6F-95D3-3905E5DE178A}.Debug|Any CPU.Build.0 = Debug|Any CPU
		{3FBD5434-D5CB-4E6F-95D3-3905E5DE178A}.Debug|x64.ActiveCfg = Debug|Any CPU
		{3FBD5434-D5CB-4E6F-95D3-3905E5DE178A}.Debug|x64.Build.0 = Debug|Any CPU
		{3FBD5434-D5CB-4E6F-95D3-3905E5DE178A}.Debug|x86.ActiveCfg = Debug|Any CPU
		{3FBD5434-D5CB-4E6F-95D3-3905E5DE178A}.Debug|x86.Build.0 = Debug|Any CPU
		{3FBD5434-D5CB-4E6F-95D3-3905E5DE178A}.Release|Any CPU.ActiveCfg = Release|Any CPU
		{3FBD5434-D5CB-4E6F-95D3-3905E5DE178A}.Release|Any CPU.Build.0 = Release|Any CPU
		{3FBD5434-D5CB-4E6F-95D3-3905E5DE178A}.Release|x64.ActiveCfg = Release|Any CPU
		{3FBD5434-D5CB-4E6F-95D3-3905E5DE178A}.Release|x64.Build.0 = Release|Any CPU
		{3FBD5434-D5CB-4E6F-95D3-3905E5DE178A}.Release|x86.ActiveCfg = Release|Any CPU
		{3FBD5434-D5CB-4E6F-95D3-3905E5DE178A}.Release|x86.Build.0 = Release|Any CPU
		{C64AEEA0-7A08-4786-9F1E-BD66608E190E}.Debug|Any CPU.ActiveCfg = Debug|Any CPU
		{C64AEEA0-7A08-4786-9F1E-BD66608E190E}.Debug|Any CPU.Build.0 = Debug|Any CPU
		{C64AEEA0-7A08-4786-9F1E-BD66608E190E}.Debug|x64.ActiveCfg = Debug|Any CPU
		{C64AEEA0-7A08-4786-9F1E-BD66608E190E}.Debug|x64.Build.0 = Debug|Any CPU
		{C64AEEA0-7A08-4786-9F1E-BD66608E190E}.Debug|x86.ActiveCfg = Debug|Any CPU
		{C64AEEA0-7A08-4786-9F1E-BD66608E190E}.Debug|x86.Build.0 = Debug|Any CPU
		{C64AEEA0-7A08-4786-9F1E-BD66608E190E}.Release|Any CPU.ActiveCfg = Release|Any CPU
		{C64AEEA0-7A08-4786-9F1E-BD66608E190E}.Release|Any CPU.Build.0 = Release|Any CPU
		{C64AEEA0-7A08-4786-9F1E-BD66608E190E}.Release|x64.ActiveCfg = Release|Any CPU
		{C64AEEA0-7A08-4786-9F1E-BD66608E190E}.Release|x64.Build.0 = Release|Any CPU
		{C64AEEA0-7A08-4786-9F1E-BD66608E190E}.Release|x86.ActiveCfg = Release|Any CPU
		{C64AEEA0-7A08-4786-9F1E-BD66608E190E}.Release|x86.Build.0 = Release|Any CPU
		{C0A538EA-8A7F-4EA9-8C87-DC52ED6288BE}.Debug|Any CPU.ActiveCfg = Debug|Any CPU
		{C0A538EA-8A7F-4EA9-8C87-DC52ED6288BE}.Debug|Any CPU.Build.0 = Debug|Any CPU
		{C0A538EA-8A7F-4EA9-8C87-DC52ED6288BE}.Debug|x64.ActiveCfg = Debug|Any CPU
		{C0A538EA-8A7F-4EA9-8C87-DC52ED6288BE}.Debug|x64.Build.0 = Debug|Any CPU
		{C0A538EA-8A7F-4EA9-8C87-DC52ED6288BE}.Debug|x86.ActiveCfg = Debug|Any CPU
		{C0A538EA-8A7F-4EA9-8C87-DC52ED6288BE}.Debug|x86.Build.0 = Debug|Any CPU
		{C0A538EA-8A7F-4EA9-8C87-DC52ED6288BE}.Release|Any CPU.ActiveCfg = Release|Any CPU
		{C0A538EA-8A7F-4EA9-8C87-DC52ED6288BE}.Release|Any CPU.Build.0 = Release|Any CPU
		{C0A538EA-8A7F-4EA9-8C87-DC52ED6288BE}.Release|x64.ActiveCfg = Release|Any CPU
		{C0A538EA-8A7F-4EA9-8C87-DC52ED6288BE}.Release|x64.Build.0 = Release|Any CPU
		{C0A538EA-8A7F-4EA9-8C87-DC52ED6288BE}.Release|x86.ActiveCfg = Release|Any CPU
		{C0A538EA-8A7F-4EA9-8C87-DC52ED6288BE}.Release|x86.Build.0 = Release|Any CPU
		{E54A51A6-A054-4F21-AC22-A827B5EF4D36}.Debug|Any CPU.ActiveCfg = Debug|Any CPU
		{E54A51A6-A054-4F21-AC22-A827B5EF4D36}.Debug|Any CPU.Build.0 = Debug|Any CPU
		{E54A51A6-A054-4F21-AC22-A827B5EF4D36}.Debug|x64.ActiveCfg = Debug|Any CPU
		{E54A51A6-A054-4F21-AC22-A827B5EF4D36}.Debug|x64.Build.0 = Debug|Any CPU
		{E54A51A6-A054-4F21-AC22-A827B5EF4D36}.Debug|x86.ActiveCfg = Debug|Any CPU
		{E54A51A6-A054-4F21-AC22-A827B5EF4D36}.Debug|x86.Build.0 = Debug|Any CPU
		{E54A51A6-A054-4F21-AC22-A827B5EF4D36}.Release|Any CPU.ActiveCfg = Release|Any CPU
		{E54A51A6-A054-4F21-AC22-A827B5EF4D36}.Release|Any CPU.Build.0 = Release|Any CPU
		{E54A51A6-A054-4F21-AC22-A827B5EF4D36}.Release|x64.ActiveCfg = Release|Any CPU
		{E54A51A6-A054-4F21-AC22-A827B5EF4D36}.Release|x64.Build.0 = Release|Any CPU
		{E54A51A6-A054-4F21-AC22-A827B5EF4D36}.Release|x86.ActiveCfg = Release|Any CPU
		{E54A51A6-A054-4F21-AC22-A827B5EF4D36}.Release|x86.Build.0 = Release|Any CPU
		{B928595D-A068-47D0-9D31-89D592258D32}.Debug|Any CPU.ActiveCfg = Debug|Any CPU
		{B928595D-A068-47D0-9D31-89D592258D32}.Debug|Any CPU.Build.0 = Debug|Any CPU
		{B928595D-A068-47D0-9D31-89D592258D32}.Debug|x64.ActiveCfg = Debug|Any CPU
		{B928595D-A068-47D0-9D31-89D592258D32}.Debug|x64.Build.0 = Debug|Any CPU
		{B928595D-A068-47D0-9D31-89D592258D32}.Debug|x86.ActiveCfg = Debug|Any CPU
		{B928595D-A068-47D0-9D31-89D592258D32}.Debug|x86.Build.0 = Debug|Any CPU
		{B928595D-A068-47D0-9D31-89D592258D32}.Release|Any CPU.ActiveCfg = Release|Any CPU
		{B928595D-A068-47D0-9D31-89D592258D32}.Release|Any CPU.Build.0 = Release|Any CPU
		{B928595D-A068-47D0-9D31-89D592258D32}.Release|x64.ActiveCfg = Release|Any CPU
		{B928595D-A068-47D0-9D31-89D592258D32}.Release|x64.Build.0 = Release|Any CPU
		{B928595D-A068-47D0-9D31-89D592258D32}.Release|x86.ActiveCfg = Release|Any CPU
		{B928595D-A068-47D0-9D31-89D592258D32}.Release|x86.Build.0 = Release|Any CPU
		{79E7D600-EBDD-4ECB-9D23-DCD37B10F9EB}.Debug|Any CPU.ActiveCfg = Debug|Any CPU
		{79E7D600-EBDD-4ECB-9D23-DCD37B10F9EB}.Debug|Any CPU.Build.0 = Debug|Any CPU
		{79E7D600-EBDD-4ECB-9D23-DCD37B10F9EB}.Debug|x64.ActiveCfg = Debug|Any CPU
		{79E7D600-EBDD-4ECB-9D23-DCD37B10F9EB}.Debug|x64.Build.0 = Debug|Any CPU
		{79E7D600-EBDD-4ECB-9D23-DCD37B10F9EB}.Debug|x86.ActiveCfg = Debug|Any CPU
		{79E7D600-EBDD-4ECB-9D23-DCD37B10F9EB}.Debug|x86.Build.0 = Debug|Any CPU
		{79E7D600-EBDD-4ECB-9D23-DCD37B10F9EB}.Release|Any CPU.ActiveCfg = Release|Any CPU
		{79E7D600-EBDD-4ECB-9D23-DCD37B10F9EB}.Release|Any CPU.Build.0 = Release|Any CPU
		{79E7D600-EBDD-4ECB-9D23-DCD37B10F9EB}.Release|x64.ActiveCfg = Release|Any CPU
		{79E7D600-EBDD-4ECB-9D23-DCD37B10F9EB}.Release|x64.Build.0 = Release|Any CPU
		{79E7D600-EBDD-4ECB-9D23-DCD37B10F9EB}.Release|x86.ActiveCfg = Release|Any CPU
		{79E7D600-EBDD-4ECB-9D23-DCD37B10F9EB}.Release|x86.Build.0 = Release|Any CPU
		{2BDCF93A-3A16-4AC3-A3F6-6E45601F13E5}.Debug|Any CPU.ActiveCfg = Debug|Any CPU
		{2BDCF93A-3A16-4AC3-A3F6-6E45601F13E5}.Debug|Any CPU.Build.0 = Debug|Any CPU
		{2BDCF93A-3A16-4AC3-A3F6-6E45601F13E5}.Debug|x64.ActiveCfg = Debug|Any CPU
		{2BDCF93A-3A16-4AC3-A3F6-6E45601F13E5}.Debug|x64.Build.0 = Debug|Any CPU
		{2BDCF93A-3A16-4AC3-A3F6-6E45601F13E5}.Debug|x86.ActiveCfg = Debug|Any CPU
		{2BDCF93A-3A16-4AC3-A3F6-6E45601F13E5}.Debug|x86.Build.0 = Debug|Any CPU
		{2BDCF93A-3A16-4AC3-A3F6-6E45601F13E5}.Release|Any CPU.ActiveCfg = Release|Any CPU
		{2BDCF93A-3A16-4AC3-A3F6-6E45601F13E5}.Release|Any CPU.Build.0 = Release|Any CPU
		{2BDCF93A-3A16-4AC3-A3F6-6E45601F13E5}.Release|x64.ActiveCfg = Release|Any CPU
		{2BDCF93A-3A16-4AC3-A3F6-6E45601F13E5}.Release|x64.Build.0 = Release|Any CPU
		{2BDCF93A-3A16-4AC3-A3F6-6E45601F13E5}.Release|x86.ActiveCfg = Release|Any CPU
		{2BDCF93A-3A16-4AC3-A3F6-6E45601F13E5}.Release|x86.Build.0 = Release|Any CPU
		{FBA5494A-61A4-45B7-92FF-AA4F5F06BB49}.Debug|Any CPU.ActiveCfg = Debug|Any CPU
		{FBA5494A-61A4-45B7-92FF-AA4F5F06BB49}.Debug|Any CPU.Build.0 = Debug|Any CPU
		{FBA5494A-61A4-45B7-92FF-AA4F5F06BB49}.Debug|x64.ActiveCfg = Debug|Any CPU
		{FBA5494A-61A4-45B7-92FF-AA4F5F06BB49}.Debug|x64.Build.0 = Debug|Any CPU
		{FBA5494A-61A4-45B7-92FF-AA4F5F06BB49}.Debug|x86.ActiveCfg = Debug|Any CPU
		{FBA5494A-61A4-45B7-92FF-AA4F5F06BB49}.Debug|x86.Build.0 = Debug|Any CPU
		{FBA5494A-61A4-45B7-92FF-AA4F5F06BB49}.Release|Any CPU.ActiveCfg = Release|Any CPU
		{FBA5494A-61A4-45B7-92FF-AA4F5F06BB49}.Release|Any CPU.Build.0 = Release|Any CPU
		{FBA5494A-61A4-45B7-92FF-AA4F5F06BB49}.Release|x64.ActiveCfg = Release|Any CPU
		{FBA5494A-61A4-45B7-92FF-AA4F5F06BB49}.Release|x64.Build.0 = Release|Any CPU
		{FBA5494A-61A4-45B7-92FF-AA4F5F06BB49}.Release|x86.ActiveCfg = Release|Any CPU
		{FBA5494A-61A4-45B7-92FF-AA4F5F06BB49}.Release|x86.Build.0 = Release|Any CPU
		{610B4C23-6066-4E77-A49B-F1E97072AC5A}.Debug|Any CPU.ActiveCfg = Debug|Any CPU
		{610B4C23-6066-4E77-A49B-F1E97072AC5A}.Debug|Any CPU.Build.0 = Debug|Any CPU
		{610B4C23-6066-4E77-A49B-F1E97072AC5A}.Debug|x64.ActiveCfg = Debug|Any CPU
		{610B4C23-6066-4E77-A49B-F1E97072AC5A}.Debug|x64.Build.0 = Debug|Any CPU
		{610B4C23-6066-4E77-A49B-F1E97072AC5A}.Debug|x86.ActiveCfg = Debug|Any CPU
		{610B4C23-6066-4E77-A49B-F1E97072AC5A}.Debug|x86.Build.0 = Debug|Any CPU
		{610B4C23-6066-4E77-A49B-F1E97072AC5A}.Release|Any CPU.ActiveCfg = Release|Any CPU
		{610B4C23-6066-4E77-A49B-F1E97072AC5A}.Release|Any CPU.Build.0 = Release|Any CPU
		{610B4C23-6066-4E77-A49B-F1E97072AC5A}.Release|x64.ActiveCfg = Release|Any CPU
		{610B4C23-6066-4E77-A49B-F1E97072AC5A}.Release|x64.Build.0 = Release|Any CPU
		{610B4C23-6066-4E77-A49B-F1E97072AC5A}.Release|x86.ActiveCfg = Release|Any CPU
		{610B4C23-6066-4E77-A49B-F1E97072AC5A}.Release|x86.Build.0 = Release|Any CPU
		{80362684-4FF9-4A5D-815E-DE9AA8C7BF57}.Debug|Any CPU.ActiveCfg = Debug|Any CPU
		{80362684-4FF9-4A5D-815E-DE9AA8C7BF57}.Debug|Any CPU.Build.0 = Debug|Any CPU
		{80362684-4FF9-4A5D-815E-DE9AA8C7BF57}.Debug|x64.ActiveCfg = Debug|Any CPU
		{80362684-4FF9-4A5D-815E-DE9AA8C7BF57}.Debug|x64.Build.0 = Debug|Any CPU
		{80362684-4FF9-4A5D-815E-DE9AA8C7BF57}.Debug|x86.ActiveCfg = Debug|Any CPU
		{80362684-4FF9-4A5D-815E-DE9AA8C7BF57}.Debug|x86.Build.0 = Debug|Any CPU
		{80362684-4FF9-4A5D-815E-DE9AA8C7BF57}.Release|Any CPU.ActiveCfg = Release|Any CPU
		{80362684-4FF9-4A5D-815E-DE9AA8C7BF57}.Release|Any CPU.Build.0 = Release|Any CPU
		{80362684-4FF9-4A5D-815E-DE9AA8C7BF57}.Release|x64.ActiveCfg = Release|Any CPU
		{80362684-4FF9-4A5D-815E-DE9AA8C7BF57}.Release|x64.Build.0 = Release|Any CPU
		{80362684-4FF9-4A5D-815E-DE9AA8C7BF57}.Release|x86.ActiveCfg = Release|Any CPU
		{80362684-4FF9-4A5D-815E-DE9AA8C7BF57}.Release|x86.Build.0 = Release|Any CPU
		{ACE70850-CF35-46FE-964F-67DE1CBCD7A7}.Debug|Any CPU.ActiveCfg = Debug|Any CPU
		{ACE70850-CF35-46FE-964F-67DE1CBCD7A7}.Debug|Any CPU.Build.0 = Debug|Any CPU
		{ACE70850-CF35-46FE-964F-67DE1CBCD7A7}.Debug|x64.ActiveCfg = Debug|Any CPU
		{ACE70850-CF35-46FE-964F-67DE1CBCD7A7}.Debug|x64.Build.0 = Debug|Any CPU
		{ACE70850-CF35-46FE-964F-67DE1CBCD7A7}.Debug|x86.ActiveCfg = Debug|Any CPU
		{ACE70850-CF35-46FE-964F-67DE1CBCD7A7}.Debug|x86.Build.0 = Debug|Any CPU
		{ACE70850-CF35-46FE-964F-67DE1CBCD7A7}.Release|Any CPU.ActiveCfg = Release|Any CPU
		{ACE70850-CF35-46FE-964F-67DE1CBCD7A7}.Release|Any CPU.Build.0 = Release|Any CPU
		{ACE70850-CF35-46FE-964F-67DE1CBCD7A7}.Release|x64.ActiveCfg = Release|Any CPU
		{ACE70850-CF35-46FE-964F-67DE1CBCD7A7}.Release|x64.Build.0 = Release|Any CPU
		{ACE70850-CF35-46FE-964F-67DE1CBCD7A7}.Release|x86.ActiveCfg = Release|Any CPU
		{ACE70850-CF35-46FE-964F-67DE1CBCD7A7}.Release|x86.Build.0 = Release|Any CPU
		{F0842CA7-9BF0-426F-96FA-387D718491CA}.Debug|Any CPU.ActiveCfg = Debug|Any CPU
		{F0842CA7-9BF0-426F-96FA-387D718491CA}.Debug|Any CPU.Build.0 = Debug|Any CPU
		{F0842CA7-9BF0-426F-96FA-387D718491CA}.Debug|x64.ActiveCfg = Debug|Any CPU
		{F0842CA7-9BF0-426F-96FA-387D718491CA}.Debug|x64.Build.0 = Debug|Any CPU
		{F0842CA7-9BF0-426F-96FA-387D718491CA}.Debug|x86.ActiveCfg = Debug|x86
		{F0842CA7-9BF0-426F-96FA-387D718491CA}.Debug|x86.Build.0 = Debug|x86
		{F0842CA7-9BF0-426F-96FA-387D718491CA}.Release|Any CPU.ActiveCfg = Release|Any CPU
		{F0842CA7-9BF0-426F-96FA-387D718491CA}.Release|Any CPU.Build.0 = Release|Any CPU
		{F0842CA7-9BF0-426F-96FA-387D718491CA}.Release|x64.ActiveCfg = Release|Any CPU
		{F0842CA7-9BF0-426F-96FA-387D718491CA}.Release|x64.Build.0 = Release|Any CPU
		{F0842CA7-9BF0-426F-96FA-387D718491CA}.Release|x86.ActiveCfg = Release|x86
		{F0842CA7-9BF0-426F-96FA-387D718491CA}.Release|x86.Build.0 = Release|x86
		{D5E2A756-0C0B-4A1C-AEB0-6EF2C0290354}.Debug|Any CPU.ActiveCfg = Debug|Any CPU
		{D5E2A756-0C0B-4A1C-AEB0-6EF2C0290354}.Debug|Any CPU.Build.0 = Debug|Any CPU
		{D5E2A756-0C0B-4A1C-AEB0-6EF2C0290354}.Debug|x64.ActiveCfg = Debug|Any CPU
		{D5E2A756-0C0B-4A1C-AEB0-6EF2C0290354}.Debug|x64.Build.0 = Debug|Any CPU
		{D5E2A756-0C0B-4A1C-AEB0-6EF2C0290354}.Debug|x86.ActiveCfg = Debug|Any CPU
		{D5E2A756-0C0B-4A1C-AEB0-6EF2C0290354}.Debug|x86.Build.0 = Debug|Any CPU
		{D5E2A756-0C0B-4A1C-AEB0-6EF2C0290354}.Release|Any CPU.ActiveCfg = Release|Any CPU
		{D5E2A756-0C0B-4A1C-AEB0-6EF2C0290354}.Release|Any CPU.Build.0 = Release|Any CPU
		{D5E2A756-0C0B-4A1C-AEB0-6EF2C0290354}.Release|x64.ActiveCfg = Release|Any CPU
		{D5E2A756-0C0B-4A1C-AEB0-6EF2C0290354}.Release|x64.Build.0 = Release|Any CPU
		{D5E2A756-0C0B-4A1C-AEB0-6EF2C0290354}.Release|x86.ActiveCfg = Release|Any CPU
		{D5E2A756-0C0B-4A1C-AEB0-6EF2C0290354}.Release|x86.Build.0 = Release|Any CPU
		{488BE77D-C011-4A2A-9AA2-44C7597870BE}.Debug|Any CPU.ActiveCfg = Debug|Any CPU
		{488BE77D-C011-4A2A-9AA2-44C7597870BE}.Debug|Any CPU.Build.0 = Debug|Any CPU
		{488BE77D-C011-4A2A-9AA2-44C7597870BE}.Debug|x64.ActiveCfg = Debug|Any CPU
		{488BE77D-C011-4A2A-9AA2-44C7597870BE}.Debug|x64.Build.0 = Debug|Any CPU
		{488BE77D-C011-4A2A-9AA2-44C7597870BE}.Debug|x86.ActiveCfg = Debug|Any CPU
		{488BE77D-C011-4A2A-9AA2-44C7597870BE}.Debug|x86.Build.0 = Debug|Any CPU
		{488BE77D-C011-4A2A-9AA2-44C7597870BE}.Release|Any CPU.ActiveCfg = Release|Any CPU
		{488BE77D-C011-4A2A-9AA2-44C7597870BE}.Release|Any CPU.Build.0 = Release|Any CPU
		{488BE77D-C011-4A2A-9AA2-44C7597870BE}.Release|x64.ActiveCfg = Release|Any CPU
		{488BE77D-C011-4A2A-9AA2-44C7597870BE}.Release|x64.Build.0 = Release|Any CPU
		{488BE77D-C011-4A2A-9AA2-44C7597870BE}.Release|x86.ActiveCfg = Release|Any CPU
		{488BE77D-C011-4A2A-9AA2-44C7597870BE}.Release|x86.Build.0 = Release|Any CPU
		{DF51E595-D154-4838-BA34-44820E6B0A7D}.Debug|Any CPU.ActiveCfg = Debug|Any CPU
		{DF51E595-D154-4838-BA34-44820E6B0A7D}.Debug|Any CPU.Build.0 = Debug|Any CPU
		{DF51E595-D154-4838-BA34-44820E6B0A7D}.Debug|x64.ActiveCfg = Debug|Any CPU
		{DF51E595-D154-4838-BA34-44820E6B0A7D}.Debug|x64.Build.0 = Debug|Any CPU
		{DF51E595-D154-4838-BA34-44820E6B0A7D}.Debug|x86.ActiveCfg = Debug|Any CPU
		{DF51E595-D154-4838-BA34-44820E6B0A7D}.Debug|x86.Build.0 = Debug|Any CPU
		{DF51E595-D154-4838-BA34-44820E6B0A7D}.Release|Any CPU.ActiveCfg = Release|Any CPU
		{DF51E595-D154-4838-BA34-44820E6B0A7D}.Release|Any CPU.Build.0 = Release|Any CPU
		{DF51E595-D154-4838-BA34-44820E6B0A7D}.Release|x64.ActiveCfg = Release|Any CPU
		{DF51E595-D154-4838-BA34-44820E6B0A7D}.Release|x64.Build.0 = Release|Any CPU
		{DF51E595-D154-4838-BA34-44820E6B0A7D}.Release|x86.ActiveCfg = Release|Any CPU
		{DF51E595-D154-4838-BA34-44820E6B0A7D}.Release|x86.Build.0 = Release|Any CPU
		{B9D53FD4-E9C2-4099-B101-5EA0864FCE21}.Debug|Any CPU.ActiveCfg = Debug|Any CPU
		{B9D53FD4-E9C2-4099-B101-5EA0864FCE21}.Debug|Any CPU.Build.0 = Debug|Any CPU
		{B9D53FD4-E9C2-4099-B101-5EA0864FCE21}.Debug|x64.ActiveCfg = Debug|Any CPU
		{B9D53FD4-E9C2-4099-B101-5EA0864FCE21}.Debug|x64.Build.0 = Debug|Any CPU
		{B9D53FD4-E9C2-4099-B101-5EA0864FCE21}.Debug|x86.ActiveCfg = Debug|Any CPU
		{B9D53FD4-E9C2-4099-B101-5EA0864FCE21}.Debug|x86.Build.0 = Debug|Any CPU
		{B9D53FD4-E9C2-4099-B101-5EA0864FCE21}.Release|Any CPU.ActiveCfg = Release|Any CPU
		{B9D53FD4-E9C2-4099-B101-5EA0864FCE21}.Release|Any CPU.Build.0 = Release|Any CPU
		{B9D53FD4-E9C2-4099-B101-5EA0864FCE21}.Release|x64.ActiveCfg = Release|Any CPU
		{B9D53FD4-E9C2-4099-B101-5EA0864FCE21}.Release|x64.Build.0 = Release|Any CPU
		{B9D53FD4-E9C2-4099-B101-5EA0864FCE21}.Release|x86.ActiveCfg = Release|Any CPU
		{B9D53FD4-E9C2-4099-B101-5EA0864FCE21}.Release|x86.Build.0 = Release|Any CPU
		{3138963B-2590-463F-9D64-1ACB6ACB6186}.Debug|Any CPU.ActiveCfg = Debug|Any CPU
		{3138963B-2590-463F-9D64-1ACB6ACB6186}.Debug|Any CPU.Build.0 = Debug|Any CPU
		{3138963B-2590-463F-9D64-1ACB6ACB6186}.Debug|x64.ActiveCfg = Debug|Any CPU
		{3138963B-2590-463F-9D64-1ACB6ACB6186}.Debug|x64.Build.0 = Debug|Any CPU
		{3138963B-2590-463F-9D64-1ACB6ACB6186}.Debug|x86.ActiveCfg = Debug|Any CPU
		{3138963B-2590-463F-9D64-1ACB6ACB6186}.Debug|x86.Build.0 = Debug|Any CPU
		{3138963B-2590-463F-9D64-1ACB6ACB6186}.Release|Any CPU.ActiveCfg = Release|Any CPU
		{3138963B-2590-463F-9D64-1ACB6ACB6186}.Release|Any CPU.Build.0 = Release|Any CPU
		{3138963B-2590-463F-9D64-1ACB6ACB6186}.Release|x64.ActiveCfg = Release|Any CPU
		{3138963B-2590-463F-9D64-1ACB6ACB6186}.Release|x64.Build.0 = Release|Any CPU
		{3138963B-2590-463F-9D64-1ACB6ACB6186}.Release|x86.ActiveCfg = Release|Any CPU
		{3138963B-2590-463F-9D64-1ACB6ACB6186}.Release|x86.Build.0 = Release|Any CPU
		{2B1CC08D-EE8B-46AC-8DD3-BDBE7F508EEA}.Debug|Any CPU.ActiveCfg = Debug|Any CPU
		{2B1CC08D-EE8B-46AC-8DD3-BDBE7F508EEA}.Debug|Any CPU.Build.0 = Debug|Any CPU
		{2B1CC08D-EE8B-46AC-8DD3-BDBE7F508EEA}.Debug|x64.ActiveCfg = Debug|Any CPU
		{2B1CC08D-EE8B-46AC-8DD3-BDBE7F508EEA}.Debug|x64.Build.0 = Debug|Any CPU
		{2B1CC08D-EE8B-46AC-8DD3-BDBE7F508EEA}.Debug|x86.ActiveCfg = Debug|Any CPU
		{2B1CC08D-EE8B-46AC-8DD3-BDBE7F508EEA}.Debug|x86.Build.0 = Debug|Any CPU
		{2B1CC08D-EE8B-46AC-8DD3-BDBE7F508EEA}.Release|Any CPU.ActiveCfg = Release|Any CPU
		{2B1CC08D-EE8B-46AC-8DD3-BDBE7F508EEA}.Release|Any CPU.Build.0 = Release|Any CPU
		{2B1CC08D-EE8B-46AC-8DD3-BDBE7F508EEA}.Release|x64.ActiveCfg = Release|Any CPU
		{2B1CC08D-EE8B-46AC-8DD3-BDBE7F508EEA}.Release|x64.Build.0 = Release|Any CPU
		{2B1CC08D-EE8B-46AC-8DD3-BDBE7F508EEA}.Release|x86.ActiveCfg = Release|Any CPU
		{2B1CC08D-EE8B-46AC-8DD3-BDBE7F508EEA}.Release|x86.Build.0 = Release|Any CPU
		{E9A78956-52E1-4A71-94FF-FEFA7B2155A5}.Debug|Any CPU.ActiveCfg = Debug|Any CPU
		{E9A78956-52E1-4A71-94FF-FEFA7B2155A5}.Debug|Any CPU.Build.0 = Debug|Any CPU
		{E9A78956-52E1-4A71-94FF-FEFA7B2155A5}.Debug|x64.ActiveCfg = Debug|Any CPU
		{E9A78956-52E1-4A71-94FF-FEFA7B2155A5}.Debug|x64.Build.0 = Debug|Any CPU
		{E9A78956-52E1-4A71-94FF-FEFA7B2155A5}.Debug|x86.ActiveCfg = Debug|Any CPU
		{E9A78956-52E1-4A71-94FF-FEFA7B2155A5}.Debug|x86.Build.0 = Debug|Any CPU
		{E9A78956-52E1-4A71-94FF-FEFA7B2155A5}.Release|Any CPU.ActiveCfg = Release|Any CPU
		{E9A78956-52E1-4A71-94FF-FEFA7B2155A5}.Release|Any CPU.Build.0 = Release|Any CPU
		{E9A78956-52E1-4A71-94FF-FEFA7B2155A5}.Release|x64.ActiveCfg = Release|Any CPU
		{E9A78956-52E1-4A71-94FF-FEFA7B2155A5}.Release|x64.Build.0 = Release|Any CPU
		{E9A78956-52E1-4A71-94FF-FEFA7B2155A5}.Release|x86.ActiveCfg = Release|Any CPU
		{E9A78956-52E1-4A71-94FF-FEFA7B2155A5}.Release|x86.Build.0 = Release|Any CPU
		{FF7EB99A-AE19-4886-9776-860A9E45FBB5}.Debug|Any CPU.ActiveCfg = Debug|Any CPU
		{FF7EB99A-AE19-4886-9776-860A9E45FBB5}.Debug|Any CPU.Build.0 = Debug|Any CPU
		{FF7EB99A-AE19-4886-9776-860A9E45FBB5}.Debug|x64.ActiveCfg = Debug|Any CPU
		{FF7EB99A-AE19-4886-9776-860A9E45FBB5}.Debug|x64.Build.0 = Debug|Any CPU
		{FF7EB99A-AE19-4886-9776-860A9E45FBB5}.Debug|x86.ActiveCfg = Debug|Any CPU
		{FF7EB99A-AE19-4886-9776-860A9E45FBB5}.Debug|x86.Build.0 = Debug|Any CPU
		{FF7EB99A-AE19-4886-9776-860A9E45FBB5}.Release|Any CPU.ActiveCfg = Release|Any CPU
		{FF7EB99A-AE19-4886-9776-860A9E45FBB5}.Release|Any CPU.Build.0 = Release|Any CPU
		{FF7EB99A-AE19-4886-9776-860A9E45FBB5}.Release|x64.ActiveCfg = Release|Any CPU
		{FF7EB99A-AE19-4886-9776-860A9E45FBB5}.Release|x64.Build.0 = Release|Any CPU
		{FF7EB99A-AE19-4886-9776-860A9E45FBB5}.Release|x86.ActiveCfg = Release|Any CPU
		{FF7EB99A-AE19-4886-9776-860A9E45FBB5}.Release|x86.Build.0 = Release|Any CPU
		{32E3B3E9-24A7-43A7-80CF-AFCE6A2F7FC1}.Debug|Any CPU.ActiveCfg = Debug|Any CPU
		{32E3B3E9-24A7-43A7-80CF-AFCE6A2F7FC1}.Debug|Any CPU.Build.0 = Debug|Any CPU
		{32E3B3E9-24A7-43A7-80CF-AFCE6A2F7FC1}.Debug|x64.ActiveCfg = Debug|Any CPU
		{32E3B3E9-24A7-43A7-80CF-AFCE6A2F7FC1}.Debug|x64.Build.0 = Debug|Any CPU
		{32E3B3E9-24A7-43A7-80CF-AFCE6A2F7FC1}.Debug|x86.ActiveCfg = Debug|Any CPU
		{32E3B3E9-24A7-43A7-80CF-AFCE6A2F7FC1}.Debug|x86.Build.0 = Debug|Any CPU
		{32E3B3E9-24A7-43A7-80CF-AFCE6A2F7FC1}.Release|Any CPU.ActiveCfg = Release|Any CPU
		{32E3B3E9-24A7-43A7-80CF-AFCE6A2F7FC1}.Release|Any CPU.Build.0 = Release|Any CPU
		{32E3B3E9-24A7-43A7-80CF-AFCE6A2F7FC1}.Release|x64.ActiveCfg = Release|Any CPU
		{32E3B3E9-24A7-43A7-80CF-AFCE6A2F7FC1}.Release|x64.Build.0 = Release|Any CPU
		{32E3B3E9-24A7-43A7-80CF-AFCE6A2F7FC1}.Release|x86.ActiveCfg = Release|Any CPU
		{32E3B3E9-24A7-43A7-80CF-AFCE6A2F7FC1}.Release|x86.Build.0 = Release|Any CPU
		{20012951-09DA-4822-AE7F-8D97159195CA}.Debug|Any CPU.ActiveCfg = Debug|Any CPU
		{20012951-09DA-4822-AE7F-8D97159195CA}.Debug|Any CPU.Build.0 = Debug|Any CPU
		{20012951-09DA-4822-AE7F-8D97159195CA}.Debug|x64.ActiveCfg = Debug|Any CPU
		{20012951-09DA-4822-AE7F-8D97159195CA}.Debug|x64.Build.0 = Debug|Any CPU
		{20012951-09DA-4822-AE7F-8D97159195CA}.Debug|x86.ActiveCfg = Debug|Any CPU
		{20012951-09DA-4822-AE7F-8D97159195CA}.Debug|x86.Build.0 = Debug|Any CPU
		{20012951-09DA-4822-AE7F-8D97159195CA}.Release|Any CPU.ActiveCfg = Release|Any CPU
		{20012951-09DA-4822-AE7F-8D97159195CA}.Release|Any CPU.Build.0 = Release|Any CPU
		{20012951-09DA-4822-AE7F-8D97159195CA}.Release|x64.ActiveCfg = Release|Any CPU
		{20012951-09DA-4822-AE7F-8D97159195CA}.Release|x64.Build.0 = Release|Any CPU
		{20012951-09DA-4822-AE7F-8D97159195CA}.Release|x86.ActiveCfg = Release|Any CPU
		{20012951-09DA-4822-AE7F-8D97159195CA}.Release|x86.Build.0 = Release|Any CPU
		{872E01FA-95CD-41C8-9B9C-C09FE142F324}.Debug|Any CPU.ActiveCfg = Debug|Any CPU
		{872E01FA-95CD-41C8-9B9C-C09FE142F324}.Debug|Any CPU.Build.0 = Debug|Any CPU
		{872E01FA-95CD-41C8-9B9C-C09FE142F324}.Debug|x64.ActiveCfg = Debug|Any CPU
		{872E01FA-95CD-41C8-9B9C-C09FE142F324}.Debug|x64.Build.0 = Debug|Any CPU
		{872E01FA-95CD-41C8-9B9C-C09FE142F324}.Debug|x86.ActiveCfg = Debug|Any CPU
		{872E01FA-95CD-41C8-9B9C-C09FE142F324}.Debug|x86.Build.0 = Debug|Any CPU
		{872E01FA-95CD-41C8-9B9C-C09FE142F324}.Release|Any CPU.ActiveCfg = Release|Any CPU
		{872E01FA-95CD-41C8-9B9C-C09FE142F324}.Release|Any CPU.Build.0 = Release|Any CPU
		{872E01FA-95CD-41C8-9B9C-C09FE142F324}.Release|x64.ActiveCfg = Release|Any CPU
		{872E01FA-95CD-41C8-9B9C-C09FE142F324}.Release|x64.Build.0 = Release|Any CPU
		{872E01FA-95CD-41C8-9B9C-C09FE142F324}.Release|x86.ActiveCfg = Release|Any CPU
		{872E01FA-95CD-41C8-9B9C-C09FE142F324}.Release|x86.Build.0 = Release|Any CPU
		{ED1DEA61-0842-4C92-9133-50AEAE9A5F92}.Debug|Any CPU.ActiveCfg = Debug|Any CPU
		{ED1DEA61-0842-4C92-9133-50AEAE9A5F92}.Debug|Any CPU.Build.0 = Debug|Any CPU
		{ED1DEA61-0842-4C92-9133-50AEAE9A5F92}.Debug|x64.ActiveCfg = Debug|Any CPU
		{ED1DEA61-0842-4C92-9133-50AEAE9A5F92}.Debug|x64.Build.0 = Debug|Any CPU
		{ED1DEA61-0842-4C92-9133-50AEAE9A5F92}.Debug|x86.ActiveCfg = Debug|Any CPU
		{ED1DEA61-0842-4C92-9133-50AEAE9A5F92}.Debug|x86.Build.0 = Debug|Any CPU
		{ED1DEA61-0842-4C92-9133-50AEAE9A5F92}.Release|Any CPU.ActiveCfg = Release|Any CPU
		{ED1DEA61-0842-4C92-9133-50AEAE9A5F92}.Release|Any CPU.Build.0 = Release|Any CPU
		{ED1DEA61-0842-4C92-9133-50AEAE9A5F92}.Release|x64.ActiveCfg = Release|Any CPU
		{ED1DEA61-0842-4C92-9133-50AEAE9A5F92}.Release|x64.Build.0 = Release|Any CPU
		{ED1DEA61-0842-4C92-9133-50AEAE9A5F92}.Release|x86.ActiveCfg = Release|Any CPU
		{ED1DEA61-0842-4C92-9133-50AEAE9A5F92}.Release|x86.Build.0 = Release|Any CPU
		{7E875F92-BDFE-4CFA-BABF-8C82DBC51EC7}.Debug|Any CPU.ActiveCfg = Debug|Any CPU
		{7E875F92-BDFE-4CFA-BABF-8C82DBC51EC7}.Debug|Any CPU.Build.0 = Debug|Any CPU
		{7E875F92-BDFE-4CFA-BABF-8C82DBC51EC7}.Debug|x64.ActiveCfg = Debug|Any CPU
		{7E875F92-BDFE-4CFA-BABF-8C82DBC51EC7}.Debug|x64.Build.0 = Debug|Any CPU
		{7E875F92-BDFE-4CFA-BABF-8C82DBC51EC7}.Debug|x86.ActiveCfg = Debug|Any CPU
		{7E875F92-BDFE-4CFA-BABF-8C82DBC51EC7}.Debug|x86.Build.0 = Debug|Any CPU
		{7E875F92-BDFE-4CFA-BABF-8C82DBC51EC7}.Release|Any CPU.ActiveCfg = Release|Any CPU
		{7E875F92-BDFE-4CFA-BABF-8C82DBC51EC7}.Release|Any CPU.Build.0 = Release|Any CPU
		{7E875F92-BDFE-4CFA-BABF-8C82DBC51EC7}.Release|x64.ActiveCfg = Release|Any CPU
		{7E875F92-BDFE-4CFA-BABF-8C82DBC51EC7}.Release|x64.Build.0 = Release|Any CPU
		{7E875F92-BDFE-4CFA-BABF-8C82DBC51EC7}.Release|x86.ActiveCfg = Release|Any CPU
		{7E875F92-BDFE-4CFA-BABF-8C82DBC51EC7}.Release|x86.Build.0 = Release|Any CPU
		{637B6404-B806-476D-9B54-846C0B08380B}.Debug|Any CPU.ActiveCfg = Debug|Any CPU
		{637B6404-B806-476D-9B54-846C0B08380B}.Debug|Any CPU.Build.0 = Debug|Any CPU
		{637B6404-B806-476D-9B54-846C0B08380B}.Debug|x64.ActiveCfg = Debug|Any CPU
		{637B6404-B806-476D-9B54-846C0B08380B}.Debug|x64.Build.0 = Debug|Any CPU
		{637B6404-B806-476D-9B54-846C0B08380B}.Debug|x86.ActiveCfg = Debug|Any CPU
		{637B6404-B806-476D-9B54-846C0B08380B}.Debug|x86.Build.0 = Debug|Any CPU
		{637B6404-B806-476D-9B54-846C0B08380B}.Release|Any CPU.ActiveCfg = Release|Any CPU
		{637B6404-B806-476D-9B54-846C0B08380B}.Release|Any CPU.Build.0 = Release|Any CPU
		{637B6404-B806-476D-9B54-846C0B08380B}.Release|x64.ActiveCfg = Release|Any CPU
		{637B6404-B806-476D-9B54-846C0B08380B}.Release|x64.Build.0 = Release|Any CPU
		{637B6404-B806-476D-9B54-846C0B08380B}.Release|x86.ActiveCfg = Release|Any CPU
		{637B6404-B806-476D-9B54-846C0B08380B}.Release|x86.Build.0 = Release|Any CPU
		{9796DF64-0180-4251-B65B-39D4EB542421}.Debug|Any CPU.ActiveCfg = Debug|Any CPU
		{9796DF64-0180-4251-B65B-39D4EB542421}.Debug|Any CPU.Build.0 = Debug|Any CPU
		{9796DF64-0180-4251-B65B-39D4EB542421}.Debug|x64.ActiveCfg = Debug|Any CPU
		{9796DF64-0180-4251-B65B-39D4EB542421}.Debug|x64.Build.0 = Debug|Any CPU
		{9796DF64-0180-4251-B65B-39D4EB542421}.Debug|x86.ActiveCfg = Debug|Any CPU
		{9796DF64-0180-4251-B65B-39D4EB542421}.Debug|x86.Build.0 = Debug|Any CPU
		{9796DF64-0180-4251-B65B-39D4EB542421}.Release|Any CPU.ActiveCfg = Release|Any CPU
		{9796DF64-0180-4251-B65B-39D4EB542421}.Release|Any CPU.Build.0 = Release|Any CPU
		{9796DF64-0180-4251-B65B-39D4EB542421}.Release|x64.ActiveCfg = Release|Any CPU
		{9796DF64-0180-4251-B65B-39D4EB542421}.Release|x64.Build.0 = Release|Any CPU
		{9796DF64-0180-4251-B65B-39D4EB542421}.Release|x86.ActiveCfg = Release|Any CPU
		{9796DF64-0180-4251-B65B-39D4EB542421}.Release|x86.Build.0 = Release|Any CPU
		{E57315EB-7DAA-42B2-A541-9573D97B36F9}.Debug|Any CPU.ActiveCfg = Debug|Any CPU
		{E57315EB-7DAA-42B2-A541-9573D97B36F9}.Debug|Any CPU.Build.0 = Debug|Any CPU
		{E57315EB-7DAA-42B2-A541-9573D97B36F9}.Debug|x64.ActiveCfg = Debug|Any CPU
		{E57315EB-7DAA-42B2-A541-9573D97B36F9}.Debug|x64.Build.0 = Debug|Any CPU
		{E57315EB-7DAA-42B2-A541-9573D97B36F9}.Debug|x86.ActiveCfg = Debug|Any CPU
		{E57315EB-7DAA-42B2-A541-9573D97B36F9}.Debug|x86.Build.0 = Debug|Any CPU
		{E57315EB-7DAA-42B2-A541-9573D97B36F9}.Release|Any CPU.ActiveCfg = Release|Any CPU
		{E57315EB-7DAA-42B2-A541-9573D97B36F9}.Release|Any CPU.Build.0 = Release|Any CPU
		{E57315EB-7DAA-42B2-A541-9573D97B36F9}.Release|x64.ActiveCfg = Release|Any CPU
		{E57315EB-7DAA-42B2-A541-9573D97B36F9}.Release|x64.Build.0 = Release|Any CPU
		{E57315EB-7DAA-42B2-A541-9573D97B36F9}.Release|x86.ActiveCfg = Release|Any CPU
		{E57315EB-7DAA-42B2-A541-9573D97B36F9}.Release|x86.Build.0 = Release|Any CPU
		{B99650EE-AF46-47B4-A4A9-212ADE7809B7}.Debug|Any CPU.ActiveCfg = Debug|Any CPU
		{B99650EE-AF46-47B4-A4A9-212ADE7809B7}.Debug|Any CPU.Build.0 = Debug|Any CPU
		{B99650EE-AF46-47B4-A4A9-212ADE7809B7}.Debug|x64.ActiveCfg = Debug|Any CPU
		{B99650EE-AF46-47B4-A4A9-212ADE7809B7}.Debug|x64.Build.0 = Debug|Any CPU
		{B99650EE-AF46-47B4-A4A9-212ADE7809B7}.Debug|x86.ActiveCfg = Debug|Any CPU
		{B99650EE-AF46-47B4-A4A9-212ADE7809B7}.Debug|x86.Build.0 = Debug|Any CPU
		{B99650EE-AF46-47B4-A4A9-212ADE7809B7}.Release|Any CPU.ActiveCfg = Release|Any CPU
		{B99650EE-AF46-47B4-A4A9-212ADE7809B7}.Release|Any CPU.Build.0 = Release|Any CPU
		{B99650EE-AF46-47B4-A4A9-212ADE7809B7}.Release|x64.ActiveCfg = Release|Any CPU
		{B99650EE-AF46-47B4-A4A9-212ADE7809B7}.Release|x64.Build.0 = Release|Any CPU
		{B99650EE-AF46-47B4-A4A9-212ADE7809B7}.Release|x86.ActiveCfg = Release|Any CPU
		{B99650EE-AF46-47B4-A4A9-212ADE7809B7}.Release|x86.Build.0 = Release|Any CPU
		{72D5A1AE-5BD4-4DC1-AF94-D760DB573C10}.Debug|Any CPU.ActiveCfg = Debug|Any CPU
		{72D5A1AE-5BD4-4DC1-AF94-D760DB573C10}.Debug|Any CPU.Build.0 = Debug|Any CPU
		{72D5A1AE-5BD4-4DC1-AF94-D760DB573C10}.Debug|x64.ActiveCfg = Debug|Any CPU
		{72D5A1AE-5BD4-4DC1-AF94-D760DB573C10}.Debug|x64.Build.0 = Debug|Any CPU
		{72D5A1AE-5BD4-4DC1-AF94-D760DB573C10}.Debug|x86.ActiveCfg = Debug|Any CPU
		{72D5A1AE-5BD4-4DC1-AF94-D760DB573C10}.Debug|x86.Build.0 = Debug|Any CPU
		{72D5A1AE-5BD4-4DC1-AF94-D760DB573C10}.Release|Any CPU.ActiveCfg = Release|Any CPU
		{72D5A1AE-5BD4-4DC1-AF94-D760DB573C10}.Release|Any CPU.Build.0 = Release|Any CPU
		{72D5A1AE-5BD4-4DC1-AF94-D760DB573C10}.Release|x64.ActiveCfg = Release|Any CPU
		{72D5A1AE-5BD4-4DC1-AF94-D760DB573C10}.Release|x64.Build.0 = Release|Any CPU
		{72D5A1AE-5BD4-4DC1-AF94-D760DB573C10}.Release|x86.ActiveCfg = Release|Any CPU
		{72D5A1AE-5BD4-4DC1-AF94-D760DB573C10}.Release|x86.Build.0 = Release|Any CPU
		{22AE2121-9EBB-4772-9C2B-10BB545B4D2F}.Debug|Any CPU.ActiveCfg = Debug|Any CPU
		{22AE2121-9EBB-4772-9C2B-10BB545B4D2F}.Debug|Any CPU.Build.0 = Debug|Any CPU
		{22AE2121-9EBB-4772-9C2B-10BB545B4D2F}.Debug|x64.ActiveCfg = Debug|Any CPU
		{22AE2121-9EBB-4772-9C2B-10BB545B4D2F}.Debug|x64.Build.0 = Debug|Any CPU
		{22AE2121-9EBB-4772-9C2B-10BB545B4D2F}.Debug|x86.ActiveCfg = Debug|Any CPU
		{22AE2121-9EBB-4772-9C2B-10BB545B4D2F}.Debug|x86.Build.0 = Debug|Any CPU
		{22AE2121-9EBB-4772-9C2B-10BB545B4D2F}.Release|Any CPU.ActiveCfg = Release|Any CPU
		{22AE2121-9EBB-4772-9C2B-10BB545B4D2F}.Release|Any CPU.Build.0 = Release|Any CPU
		{22AE2121-9EBB-4772-9C2B-10BB545B4D2F}.Release|x64.ActiveCfg = Release|Any CPU
		{22AE2121-9EBB-4772-9C2B-10BB545B4D2F}.Release|x64.Build.0 = Release|Any CPU
		{22AE2121-9EBB-4772-9C2B-10BB545B4D2F}.Release|x86.ActiveCfg = Release|Any CPU
		{22AE2121-9EBB-4772-9C2B-10BB545B4D2F}.Release|x86.Build.0 = Release|Any CPU
		{D43876D1-CAC9-4D5D-8041-2B5C67643128}.Debug|Any CPU.ActiveCfg = Debug|Any CPU
		{D43876D1-CAC9-4D5D-8041-2B5C67643128}.Debug|Any CPU.Build.0 = Debug|Any CPU
		{D43876D1-CAC9-4D5D-8041-2B5C67643128}.Debug|x64.ActiveCfg = Debug|Any CPU
		{D43876D1-CAC9-4D5D-8041-2B5C67643128}.Debug|x64.Build.0 = Debug|Any CPU
		{D43876D1-CAC9-4D5D-8041-2B5C67643128}.Debug|x86.ActiveCfg = Debug|Any CPU
		{D43876D1-CAC9-4D5D-8041-2B5C67643128}.Debug|x86.Build.0 = Debug|Any CPU
		{D43876D1-CAC9-4D5D-8041-2B5C67643128}.Release|Any CPU.ActiveCfg = Release|Any CPU
		{D43876D1-CAC9-4D5D-8041-2B5C67643128}.Release|Any CPU.Build.0 = Release|Any CPU
		{D43876D1-CAC9-4D5D-8041-2B5C67643128}.Release|x64.ActiveCfg = Release|Any CPU
		{D43876D1-CAC9-4D5D-8041-2B5C67643128}.Release|x64.Build.0 = Release|Any CPU
		{D43876D1-CAC9-4D5D-8041-2B5C67643128}.Release|x86.ActiveCfg = Release|Any CPU
		{D43876D1-CAC9-4D5D-8041-2B5C67643128}.Release|x86.Build.0 = Release|Any CPU
		{AF32E163-C577-4CBC-A072-0DC1CE0E1DA3}.Debug|Any CPU.ActiveCfg = Debug|Any CPU
		{AF32E163-C577-4CBC-A072-0DC1CE0E1DA3}.Debug|Any CPU.Build.0 = Debug|Any CPU
		{AF32E163-C577-4CBC-A072-0DC1CE0E1DA3}.Debug|x64.ActiveCfg = Debug|Any CPU
		{AF32E163-C577-4CBC-A072-0DC1CE0E1DA3}.Debug|x64.Build.0 = Debug|Any CPU
		{AF32E163-C577-4CBC-A072-0DC1CE0E1DA3}.Debug|x86.ActiveCfg = Debug|Any CPU
		{AF32E163-C577-4CBC-A072-0DC1CE0E1DA3}.Debug|x86.Build.0 = Debug|Any CPU
		{AF32E163-C577-4CBC-A072-0DC1CE0E1DA3}.Release|Any CPU.ActiveCfg = Release|Any CPU
		{AF32E163-C577-4CBC-A072-0DC1CE0E1DA3}.Release|Any CPU.Build.0 = Release|Any CPU
		{AF32E163-C577-4CBC-A072-0DC1CE0E1DA3}.Release|x64.ActiveCfg = Release|Any CPU
		{AF32E163-C577-4CBC-A072-0DC1CE0E1DA3}.Release|x64.Build.0 = Release|Any CPU
		{AF32E163-C577-4CBC-A072-0DC1CE0E1DA3}.Release|x86.ActiveCfg = Release|Any CPU
		{AF32E163-C577-4CBC-A072-0DC1CE0E1DA3}.Release|x86.Build.0 = Release|Any CPU
		{53CCD007-AA85-4CCF-AE81-BBB8B1CBEB1F}.Debug|Any CPU.ActiveCfg = Debug|Any CPU
		{53CCD007-AA85-4CCF-AE81-BBB8B1CBEB1F}.Debug|Any CPU.Build.0 = Debug|Any CPU
		{53CCD007-AA85-4CCF-AE81-BBB8B1CBEB1F}.Debug|x64.ActiveCfg = Debug|Any CPU
		{53CCD007-AA85-4CCF-AE81-BBB8B1CBEB1F}.Debug|x64.Build.0 = Debug|Any CPU
		{53CCD007-AA85-4CCF-AE81-BBB8B1CBEB1F}.Debug|x86.ActiveCfg = Debug|Any CPU
		{53CCD007-AA85-4CCF-AE81-BBB8B1CBEB1F}.Debug|x86.Build.0 = Debug|Any CPU
		{53CCD007-AA85-4CCF-AE81-BBB8B1CBEB1F}.Release|Any CPU.ActiveCfg = Release|Any CPU
		{53CCD007-AA85-4CCF-AE81-BBB8B1CBEB1F}.Release|Any CPU.Build.0 = Release|Any CPU
		{53CCD007-AA85-4CCF-AE81-BBB8B1CBEB1F}.Release|x64.ActiveCfg = Release|Any CPU
		{53CCD007-AA85-4CCF-AE81-BBB8B1CBEB1F}.Release|x64.Build.0 = Release|Any CPU
		{53CCD007-AA85-4CCF-AE81-BBB8B1CBEB1F}.Release|x86.ActiveCfg = Release|Any CPU
		{53CCD007-AA85-4CCF-AE81-BBB8B1CBEB1F}.Release|x86.Build.0 = Release|Any CPU
		{E4B99177-77A3-4C92-B881-A6CB57E3BF89}.Debug|Any CPU.ActiveCfg = Debug|Any CPU
		{E4B99177-77A3-4C92-B881-A6CB57E3BF89}.Debug|Any CPU.Build.0 = Debug|Any CPU
		{E4B99177-77A3-4C92-B881-A6CB57E3BF89}.Debug|x64.ActiveCfg = Debug|Any CPU
		{E4B99177-77A3-4C92-B881-A6CB57E3BF89}.Debug|x64.Build.0 = Debug|Any CPU
		{E4B99177-77A3-4C92-B881-A6CB57E3BF89}.Debug|x86.ActiveCfg = Debug|Any CPU
		{E4B99177-77A3-4C92-B881-A6CB57E3BF89}.Debug|x86.Build.0 = Debug|Any CPU
		{E4B99177-77A3-4C92-B881-A6CB57E3BF89}.Release|Any CPU.ActiveCfg = Release|Any CPU
		{E4B99177-77A3-4C92-B881-A6CB57E3BF89}.Release|Any CPU.Build.0 = Release|Any CPU
		{E4B99177-77A3-4C92-B881-A6CB57E3BF89}.Release|x64.ActiveCfg = Release|Any CPU
		{E4B99177-77A3-4C92-B881-A6CB57E3BF89}.Release|x64.Build.0 = Release|Any CPU
		{E4B99177-77A3-4C92-B881-A6CB57E3BF89}.Release|x86.ActiveCfg = Release|Any CPU
		{E4B99177-77A3-4C92-B881-A6CB57E3BF89}.Release|x86.Build.0 = Release|Any CPU
		{DF59398B-CB26-9496-F43F-823EE06BC924}.Debug|Any CPU.ActiveCfg = Debug|Win32
		{DF59398B-CB26-9496-F43F-823EE06BC924}.Debug|x64.ActiveCfg = Debug|x64
		{DF59398B-CB26-9496-F43F-823EE06BC924}.Debug|x64.Build.0 = Debug|x64
		{DF59398B-CB26-9496-F43F-823EE06BC924}.Debug|x86.ActiveCfg = Debug|Win32
		{DF59398B-CB26-9496-F43F-823EE06BC924}.Debug|x86.Build.0 = Debug|Win32
		{DF59398B-CB26-9496-F43F-823EE06BC924}.Release|Any CPU.ActiveCfg = Release|Win32
		{DF59398B-CB26-9496-F43F-823EE06BC924}.Release|x64.ActiveCfg = Release|x64
		{DF59398B-CB26-9496-F43F-823EE06BC924}.Release|x64.Build.0 = Release|x64
		{DF59398B-CB26-9496-F43F-823EE06BC924}.Release|x86.ActiveCfg = Release|Win32
		{DF59398B-CB26-9496-F43F-823EE06BC924}.Release|x86.Build.0 = Release|Win32
		{F1997D81-5D79-FC1C-6691-87F3D2EF627E}.Debug|Any CPU.ActiveCfg = Debug|Win32
		{F1997D81-5D79-FC1C-6691-87F3D2EF627E}.Debug|x64.ActiveCfg = Debug|x64
		{F1997D81-5D79-FC1C-6691-87F3D2EF627E}.Debug|x64.Build.0 = Debug|x64
		{F1997D81-5D79-FC1C-6691-87F3D2EF627E}.Debug|x86.ActiveCfg = Debug|Win32
		{F1997D81-5D79-FC1C-6691-87F3D2EF627E}.Debug|x86.Build.0 = Debug|Win32
		{F1997D81-5D79-FC1C-6691-87F3D2EF627E}.Release|Any CPU.ActiveCfg = Release|Win32
		{F1997D81-5D79-FC1C-6691-87F3D2EF627E}.Release|x64.ActiveCfg = Release|x64
		{F1997D81-5D79-FC1C-6691-87F3D2EF627E}.Release|x64.Build.0 = Release|x64
		{F1997D81-5D79-FC1C-6691-87F3D2EF627E}.Release|x86.ActiveCfg = Release|Win32
		{F1997D81-5D79-FC1C-6691-87F3D2EF627E}.Release|x86.Build.0 = Release|Win32
		{7085D54F-DCEF-89C6-252E-3B6C91D7671B}.Debug|Any CPU.ActiveCfg = Debug|Win32
		{7085D54F-DCEF-89C6-252E-3B6C91D7671B}.Debug|x64.ActiveCfg = Debug|x64
		{7085D54F-DCEF-89C6-252E-3B6C91D7671B}.Debug|x64.Build.0 = Debug|x64
		{7085D54F-DCEF-89C6-252E-3B6C91D7671B}.Debug|x86.ActiveCfg = Debug|Win32
		{7085D54F-DCEF-89C6-252E-3B6C91D7671B}.Debug|x86.Build.0 = Debug|Win32
		{7085D54F-DCEF-89C6-252E-3B6C91D7671B}.Release|Any CPU.ActiveCfg = Release|Win32
		{7085D54F-DCEF-89C6-252E-3B6C91D7671B}.Release|x64.ActiveCfg = Release|x64
		{7085D54F-DCEF-89C6-252E-3B6C91D7671B}.Release|x64.Build.0 = Release|x64
		{7085D54F-DCEF-89C6-252E-3B6C91D7671B}.Release|x86.ActiveCfg = Release|Win32
		{7085D54F-DCEF-89C6-252E-3B6C91D7671B}.Release|x86.Build.0 = Release|Win32
		{BF552F19-AB22-8A24-D43B-78CCC067BFB2}.Debug|Any CPU.ActiveCfg = Debug|Win32
		{BF552F19-AB22-8A24-D43B-78CCC067BFB2}.Debug|x64.ActiveCfg = Debug|x64
		{BF552F19-AB22-8A24-D43B-78CCC067BFB2}.Debug|x64.Build.0 = Debug|x64
		{BF552F19-AB22-8A24-D43B-78CCC067BFB2}.Debug|x86.ActiveCfg = Debug|Win32
		{BF552F19-AB22-8A24-D43B-78CCC067BFB2}.Debug|x86.Build.0 = Debug|Win32
		{BF552F19-AB22-8A24-D43B-78CCC067BFB2}.Release|Any CPU.ActiveCfg = Release|Win32
		{BF552F19-AB22-8A24-D43B-78CCC067BFB2}.Release|x64.ActiveCfg = Release|x64
		{BF552F19-AB22-8A24-D43B-78CCC067BFB2}.Release|x64.Build.0 = Release|x64
		{BF552F19-AB22-8A24-D43B-78CCC067BFB2}.Release|x86.ActiveCfg = Release|Win32
		{BF552F19-AB22-8A24-D43B-78CCC067BFB2}.Release|x86.Build.0 = Release|Win32
		{3C7AF3AF-A859-724B-B171-FD211DD0D8AC}.Debug|Any CPU.ActiveCfg = Debug|Win32
		{3C7AF3AF-A859-724B-B171-FD211DD0D8AC}.Debug|x64.ActiveCfg = Debug|x64
		{3C7AF3AF-A859-724B-B171-FD211DD0D8AC}.Debug|x64.Build.0 = Debug|x64
		{3C7AF3AF-A859-724B-B171-FD211DD0D8AC}.Debug|x86.ActiveCfg = Debug|Win32
		{3C7AF3AF-A859-724B-B171-FD211DD0D8AC}.Debug|x86.Build.0 = Debug|Win32
		{3C7AF3AF-A859-724B-B171-FD211DD0D8AC}.Release|Any CPU.ActiveCfg = Release|Win32
		{3C7AF3AF-A859-724B-B171-FD211DD0D8AC}.Release|x64.ActiveCfg = Release|x64
		{3C7AF3AF-A859-724B-B171-FD211DD0D8AC}.Release|x64.Build.0 = Release|x64
		{3C7AF3AF-A859-724B-B171-FD211DD0D8AC}.Release|x86.ActiveCfg = Release|Win32
		{3C7AF3AF-A859-724B-B171-FD211DD0D8AC}.Release|x86.Build.0 = Release|Win32
		{AB9F3295-177F-B130-2097-3C078CF51792}.Debug|Any CPU.ActiveCfg = Debug|Win32
		{AB9F3295-177F-B130-2097-3C078CF51792}.Debug|x64.ActiveCfg = Debug|x64
		{AB9F3295-177F-B130-2097-3C078CF51792}.Debug|x64.Build.0 = Debug|x64
		{AB9F3295-177F-B130-2097-3C078CF51792}.Debug|x86.ActiveCfg = Debug|Win32
		{AB9F3295-177F-B130-2097-3C078CF51792}.Debug|x86.Build.0 = Debug|Win32
		{AB9F3295-177F-B130-2097-3C078CF51792}.Release|Any CPU.ActiveCfg = Release|Win32
		{AB9F3295-177F-B130-2097-3C078CF51792}.Release|x64.ActiveCfg = Release|x64
		{AB9F3295-177F-B130-2097-3C078CF51792}.Release|x64.Build.0 = Release|x64
		{AB9F3295-177F-B130-2097-3C078CF51792}.Release|x86.ActiveCfg = Release|Win32
		{AB9F3295-177F-B130-2097-3C078CF51792}.Release|x86.Build.0 = Release|Win32
		{9C53798E-0809-F283-91FD-EB5AFDB1E887}.Debug|Any CPU.ActiveCfg = Debug|Win32
		{9C53798E-0809-F283-91FD-EB5AFDB1E887}.Debug|x64.ActiveCfg = Debug|x64
		{9C53798E-0809-F283-91FD-EB5AFDB1E887}.Debug|x64.Build.0 = Debug|x64
		{9C53798E-0809-F283-91FD-EB5AFDB1E887}.Debug|x86.ActiveCfg = Debug|Win32
		{9C53798E-0809-F283-91FD-EB5AFDB1E887}.Debug|x86.Build.0 = Debug|Win32
		{9C53798E-0809-F283-91FD-EB5AFDB1E887}.Release|Any CPU.ActiveCfg = Release|Win32
		{9C53798E-0809-F283-91FD-EB5AFDB1E887}.Release|x64.ActiveCfg = Release|x64
		{9C53798E-0809-F283-91FD-EB5AFDB1E887}.Release|x64.Build.0 = Release|x64
		{9C53798E-0809-F283-91FD-EB5AFDB1E887}.Release|x86.ActiveCfg = Release|Win32
		{9C53798E-0809-F283-91FD-EB5AFDB1E887}.Release|x86.Build.0 = Release|Win32
		{34744A64-A029-C359-291E-BD3095D2B95D}.Debug|Any CPU.ActiveCfg = Debug|Win32
		{34744A64-A029-C359-291E-BD3095D2B95D}.Debug|x64.ActiveCfg = Debug|x64
		{34744A64-A029-C359-291E-BD3095D2B95D}.Debug|x64.Build.0 = Debug|x64
		{34744A64-A029-C359-291E-BD3095D2B95D}.Debug|x86.ActiveCfg = Debug|Win32
		{34744A64-A029-C359-291E-BD3095D2B95D}.Debug|x86.Build.0 = Debug|Win32
		{34744A64-A029-C359-291E-BD3095D2B95D}.Release|Any CPU.ActiveCfg = Release|Win32
		{34744A64-A029-C359-291E-BD3095D2B95D}.Release|x64.ActiveCfg = Release|x64
		{34744A64-A029-C359-291E-BD3095D2B95D}.Release|x64.Build.0 = Release|x64
		{34744A64-A029-C359-291E-BD3095D2B95D}.Release|x86.ActiveCfg = Release|Win32
		{34744A64-A029-C359-291E-BD3095D2B95D}.Release|x86.Build.0 = Release|Win32
		{7AF09988-66BD-F493-8FD6-E23B7B022A22}.Debug|Any CPU.ActiveCfg = Debug|Win32
		{7AF09988-66BD-F493-8FD6-E23B7B022A22}.Debug|x64.ActiveCfg = Debug|x64
		{7AF09988-66BD-F493-8FD6-E23B7B022A22}.Debug|x64.Build.0 = Debug|x64
		{7AF09988-66BD-F493-8FD6-E23B7B022A22}.Debug|x86.ActiveCfg = Debug|Win32
		{7AF09988-66BD-F493-8FD6-E23B7B022A22}.Debug|x86.Build.0 = Debug|Win32
		{7AF09988-66BD-F493-8FD6-E23B7B022A22}.Release|Any CPU.ActiveCfg = Release|Win32
		{7AF09988-66BD-F493-8FD6-E23B7B022A22}.Release|x64.ActiveCfg = Release|x64
		{7AF09988-66BD-F493-8FD6-E23B7B022A22}.Release|x64.Build.0 = Release|x64
		{7AF09988-66BD-F493-8FD6-E23B7B022A22}.Release|x86.ActiveCfg = Release|Win32
		{7AF09988-66BD-F493-8FD6-E23B7B022A22}.Release|x86.Build.0 = Release|Win32
		{FCB39572-BBB0-4FD3-BD78-8B60E43BDF10}.Debug|Any CPU.ActiveCfg = Debug|Any CPU
		{FCB39572-BBB0-4FD3-BD78-8B60E43BDF10}.Debug|Any CPU.Build.0 = Debug|Any CPU
		{FCB39572-BBB0-4FD3-BD78-8B60E43BDF10}.Debug|x64.ActiveCfg = Debug|Any CPU
		{FCB39572-BBB0-4FD3-BD78-8B60E43BDF10}.Debug|x64.Build.0 = Debug|Any CPU
		{FCB39572-BBB0-4FD3-BD78-8B60E43BDF10}.Debug|x86.ActiveCfg = Debug|Any CPU
		{FCB39572-BBB0-4FD3-BD78-8B60E43BDF10}.Debug|x86.Build.0 = Debug|Any CPU
		{FCB39572-BBB0-4FD3-BD78-8B60E43BDF10}.Release|Any CPU.ActiveCfg = Release|Any CPU
		{FCB39572-BBB0-4FD3-BD78-8B60E43BDF10}.Release|Any CPU.Build.0 = Release|Any CPU
		{FCB39572-BBB0-4FD3-BD78-8B60E43BDF10}.Release|x64.ActiveCfg = Release|Any CPU
		{FCB39572-BBB0-4FD3-BD78-8B60E43BDF10}.Release|x64.Build.0 = Release|Any CPU
		{FCB39572-BBB0-4FD3-BD78-8B60E43BDF10}.Release|x86.ActiveCfg = Release|Any CPU
		{FCB39572-BBB0-4FD3-BD78-8B60E43BDF10}.Release|x86.Build.0 = Release|Any CPU
		{87D501A2-ECFE-47CD-ADFF-3E485A3B19E7}.Debug|Any CPU.ActiveCfg = Debug|Any CPU
		{87D501A2-ECFE-47CD-ADFF-3E485A3B19E7}.Debug|Any CPU.Build.0 = Debug|Any CPU
		{87D501A2-ECFE-47CD-ADFF-3E485A3B19E7}.Debug|x64.ActiveCfg = Debug|Any CPU
		{87D501A2-ECFE-47CD-ADFF-3E485A3B19E7}.Debug|x64.Build.0 = Debug|Any CPU
		{87D501A2-ECFE-47CD-ADFF-3E485A3B19E7}.Debug|x86.ActiveCfg = Debug|Any CPU
		{87D501A2-ECFE-47CD-ADFF-3E485A3B19E7}.Debug|x86.Build.0 = Debug|Any CPU
		{87D501A2-ECFE-47CD-ADFF-3E485A3B19E7}.Release|Any CPU.ActiveCfg = Release|Any CPU
		{87D501A2-ECFE-47CD-ADFF-3E485A3B19E7}.Release|Any CPU.Build.0 = Release|Any CPU
		{87D501A2-ECFE-47CD-ADFF-3E485A3B19E7}.Release|x64.ActiveCfg = Release|Any CPU
		{87D501A2-ECFE-47CD-ADFF-3E485A3B19E7}.Release|x64.Build.0 = Release|Any CPU
		{87D501A2-ECFE-47CD-ADFF-3E485A3B19E7}.Release|x86.ActiveCfg = Release|Any CPU
		{87D501A2-ECFE-47CD-ADFF-3E485A3B19E7}.Release|x86.Build.0 = Release|Any CPU
	EndGlobalSection
	GlobalSection(SolutionProperties) = preSolution
		HideSolutionNode = FALSE
	EndGlobalSection
	GlobalSection(NestedProjects) = preSolution
		{A5C10F9B-7B36-4478-A5B8-71C55EF90AA9} = {2E33275D-CB89-4750-8C7E-A4DBF1DC25BF}
		{3FBD5434-D5CB-4E6F-95D3-3905E5DE178A} = {2E33275D-CB89-4750-8C7E-A4DBF1DC25BF}
		{C64AEEA0-7A08-4786-9F1E-BD66608E190E} = {2E33275D-CB89-4750-8C7E-A4DBF1DC25BF}
		{C0A538EA-8A7F-4EA9-8C87-DC52ED6288BE} = {2E33275D-CB89-4750-8C7E-A4DBF1DC25BF}
		{E54A51A6-A054-4F21-AC22-A827B5EF4D36} = {2E33275D-CB89-4750-8C7E-A4DBF1DC25BF}
		{B928595D-A068-47D0-9D31-89D592258D32} = {2E33275D-CB89-4750-8C7E-A4DBF1DC25BF}
		{79E7D600-EBDD-4ECB-9D23-DCD37B10F9EB} = {2E33275D-CB89-4750-8C7E-A4DBF1DC25BF}
		{2BDCF93A-3A16-4AC3-A3F6-6E45601F13E5} = {2E33275D-CB89-4750-8C7E-A4DBF1DC25BF}
		{FBA5494A-61A4-45B7-92FF-AA4F5F06BB49} = {2E33275D-CB89-4750-8C7E-A4DBF1DC25BF}
		{610B4C23-6066-4E77-A49B-F1E97072AC5A} = {2E33275D-CB89-4750-8C7E-A4DBF1DC25BF}
		{80362684-4FF9-4A5D-815E-DE9AA8C7BF57} = {2E33275D-CB89-4750-8C7E-A4DBF1DC25BF}
		{ACE70850-CF35-46FE-964F-67DE1CBCD7A7} = {CBFF4859-2D1A-44B3-8C8B-8622D757751F}
		{F0842CA7-9BF0-426F-96FA-387D718491CA} = {CBFF4859-2D1A-44B3-8C8B-8622D757751F}
		{D5E2A756-0C0B-4A1C-AEB0-6EF2C0290354} = {CBFF4859-2D1A-44B3-8C8B-8622D757751F}
		{488BE77D-C011-4A2A-9AA2-44C7597870BE} = {CBFF4859-2D1A-44B3-8C8B-8622D757751F}
		{DF51E595-D154-4838-BA34-44820E6B0A7D} = {CBFF4859-2D1A-44B3-8C8B-8622D757751F}
		{B9D53FD4-E9C2-4099-B101-5EA0864FCE21} = {CBFF4859-2D1A-44B3-8C8B-8622D757751F}
		{3138963B-2590-463F-9D64-1ACB6ACB6186} = {CBFF4859-2D1A-44B3-8C8B-8622D757751F}
		{2B1CC08D-EE8B-46AC-8DD3-BDBE7F508EEA} = {CBFF4859-2D1A-44B3-8C8B-8622D757751F}
		{E9A78956-52E1-4A71-94FF-FEFA7B2155A5} = {CBFF4859-2D1A-44B3-8C8B-8622D757751F}
		{FF7EB99A-AE19-4886-9776-860A9E45FBB5} = {CBFF4859-2D1A-44B3-8C8B-8622D757751F}
		{32E3B3E9-24A7-43A7-80CF-AFCE6A2F7FC1} = {CBFF4859-2D1A-44B3-8C8B-8622D757751F}
		{20012951-09DA-4822-AE7F-8D97159195CA} = {CBFF4859-2D1A-44B3-8C8B-8622D757751F}
		{872E01FA-95CD-41C8-9B9C-C09FE142F324} = {CBFF4859-2D1A-44B3-8C8B-8622D757751F}
		{ED1DEA61-0842-4C92-9133-50AEAE9A5F92} = {CBFF4859-2D1A-44B3-8C8B-8622D757751F}
		{7E875F92-BDFE-4CFA-BABF-8C82DBC51EC7} = {CBFF4859-2D1A-44B3-8C8B-8622D757751F}
		{637B6404-B806-476D-9B54-846C0B08380B} = {CBFF4859-2D1A-44B3-8C8B-8622D757751F}
		{9796DF64-0180-4251-B65B-39D4EB542421} = {CBFF4859-2D1A-44B3-8C8B-8622D757751F}
		{E57315EB-7DAA-42B2-A541-9573D97B36F9} = {CBFF4859-2D1A-44B3-8C8B-8622D757751F}
		{B99650EE-AF46-47B4-A4A9-212ADE7809B7} = {42C1ADB3-6FF5-4F84-8064-FC643F2736C8}
		{72D5A1AE-5BD4-4DC1-AF94-D760DB573C10} = {2E33275D-CB89-4750-8C7E-A4DBF1DC25BF}
		{22AE2121-9EBB-4772-9C2B-10BB545B4D2F} = {2E33275D-CB89-4750-8C7E-A4DBF1DC25BF}
		{D43876D1-CAC9-4D5D-8041-2B5C67643128} = {2E33275D-CB89-4750-8C7E-A4DBF1DC25BF}
		{AF32E163-C577-4CBC-A072-0DC1CE0E1DA3} = {970D16E5-FBC6-4753-8A07-85C42E6FBA7E}
		{53CCD007-AA85-4CCF-AE81-BBB8B1CBEB1F} = {970D16E5-FBC6-4753-8A07-85C42E6FBA7E}
		{E4B99177-77A3-4C92-B881-A6CB57E3BF89} = {24432EC0-031A-478A-9F4E-89085E57663F}
		{DF59398B-CB26-9496-F43F-823EE06BC924} = {9F7D95F6-3FEE-4BCE-B0DF-198821B8BC24}
		{F1997D81-5D79-FC1C-6691-87F3D2EF627E} = {CB69DC4F-8119-4051-BED9-E7CC447BAD38}
		{7085D54F-DCEF-89C6-252E-3B6C91D7671B} = {CB69DC4F-8119-4051-BED9-E7CC447BAD38}
		{CB69DC4F-8119-4051-BED9-E7CC447BAD38} = {9F7D95F6-3FEE-4BCE-B0DF-198821B8BC24}
		{E41C22F2-E52A-4014-9E42-0A3ED0CBFC1E} = {9F7D95F6-3FEE-4BCE-B0DF-198821B8BC24}
		{BF552F19-AB22-8A24-D43B-78CCC067BFB2} = {E41C22F2-E52A-4014-9E42-0A3ED0CBFC1E}
		{3C7AF3AF-A859-724B-B171-FD211DD0D8AC} = {E41C22F2-E52A-4014-9E42-0A3ED0CBFC1E}
		{AB9F3295-177F-B130-2097-3C078CF51792} = {E41C22F2-E52A-4014-9E42-0A3ED0CBFC1E}
		{9C53798E-0809-F283-91FD-EB5AFDB1E887} = {E41C22F2-E52A-4014-9E42-0A3ED0CBFC1E}
		{34744A64-A029-C359-291E-BD3095D2B95D} = {E41C22F2-E52A-4014-9E42-0A3ED0CBFC1E}
		{7AF09988-66BD-F493-8FD6-E23B7B022A22} = {E41C22F2-E52A-4014-9E42-0A3ED0CBFC1E}
		{FCB39572-BBB0-4FD3-BD78-8B60E43BDF10} = {2E33275D-CB89-4750-8C7E-A4DBF1DC25BF}
		{87D501A2-ECFE-47CD-ADFF-3E485A3B19E7} = {2E33275D-CB89-4750-8C7E-A4DBF1DC25BF}
	EndGlobalSection
	GlobalSection(ExtensibilityGlobals) = postSolution
		SolutionGuid = {82C2205E-3337-4CAE-B54B-D78BD96B134F}
	EndGlobalSection
EndGlobal
